
Microsoft Visual Studio Solution File, Format Version 12.00
# Visual Studio Version 17
VisualStudioVersion = 17.4.33122.133
MinimumVisualStudioVersion = 10.0.40219.1
Project("{9A19103F-16F7-4668-BE54-9A1E7A4F7556}") = "HighSchoolApplication", "HighSchoolApplication\HighSchoolApplication.csproj", "{FEAA9388-75D0-4D39-9807-CAFAE3DF060A}"
EndProject
Project("{FAE04EC0-301F-11D3-BF4B-00C04F79EFBC}") = "HighSchoolClasses.DAL", "HighSchoolClasses.DAL\HighSchoolClasses.DAL.csproj", "{CDCFD4C3-D26C-4984-B243-9113903322A0}"
EndProject
Global
	GlobalSection(SolutionConfigurationPlatforms) = preSolution
		Debug|Any CPU = Debug|Any CPU
		Release|Any CPU = Release|Any CPU
	EndGlobalSection
	GlobalSection(ProjectConfigurationPlatforms) = postSolution
		{FEAA9388-75D0-4D39-9807-CAFAE3DF060A}.Debug|Any CPU.ActiveCfg = Debug|Any CPU
		{FEAA9388-75D0-4D39-9807-CAFAE3DF060A}.Debug|Any CPU.Build.0 = Debug|Any CPU
		{FEAA9388-75D0-4D39-9807-CAFAE3DF060A}.Release|Any CPU.ActiveCfg = Release|Any CPU
		{FEAA9388-75D0-4D39-9807-CAFAE3DF060A}.Release|Any CPU.Build.0 = Release|Any CPU
		{CDCFD4C3-D26C-4984-B243-9113903322A0}.Debug|Any CPU.ActiveCfg = Debug|Any CPU
		{CDCFD4C3-D26C-4984-B243-9113903322A0}.Debug|Any CPU.Build.0 = Debug|Any CPU
		{CDCFD4C3-D26C-4984-B243-9113903322A0}.Release|Any CPU.ActiveCfg = Release|Any CPU
		{CDCFD4C3-D26C-4984-B243-9113903322A0}.Release|Any CPU.Build.0 = Release|Any CPU
	EndGlobalSection
	GlobalSection(SolutionProperties) = preSolution
		HideSolutionNode = FALSE
	EndGlobalSection
	GlobalSection(ExtensibilityGlobals) = postSolution
		SolutionGuid = {719ABF41-ECED-457D-AD0E-A51E5E973343}
	EndGlobalSection
EndGlobal
